
Microsoft Visual Studio Solution File, Format Version 12.00
# Visual Studio 2012
Project("{FAE04EC0-301F-11D3-BF4B-00C04F79EFBC}") = "BeaconBroadcaster", "BeaconBroadcaster\BeaconBroadcaster.csproj", "{0E5FE9A0-0F7E-48BA-ABC8-C5440471151C}"
EndProject
Project("{FAE04EC0-301F-11D3-BF4B-00C04F79EFBC}") = "IosReceiver", "IosReceiver\IosReceiver.csproj", "{F70E5716-CAF6-4A35-AF31-E9A9006302E5}"
EndProject
Project("{FAE04EC0-301F-11D3-BF4B-00C04F79EFBC}") = "DroidReceiver", "DroidReceiver\DroidReceiver.csproj", "{308E29A2-C593-4661-AC73-993194B357F3}"
EndProject
Global
	GlobalSection(SolutionConfigurationPlatforms) = preSolution
		Debug|iPhoneSimulator = Debug|iPhoneSimulator
		Release|iPhoneSimulator = Release|iPhoneSimulator
		Debug|iPhone = Debug|iPhone
		Release|iPhone = Release|iPhone
		Ad-Hoc|iPhone = Ad-Hoc|iPhone
		AppStore|iPhone = AppStore|iPhone
	EndGlobalSection
	GlobalSection(ProjectConfigurationPlatforms) = postSolution
		{0E5FE9A0-0F7E-48BA-ABC8-C5440471151C}.Ad-Hoc|iPhone.ActiveCfg = Ad-Hoc|iPhone
		{0E5FE9A0-0F7E-48BA-ABC8-C5440471151C}.Ad-Hoc|iPhone.Build.0 = Ad-Hoc|iPhone
		{0E5FE9A0-0F7E-48BA-ABC8-C5440471151C}.AppStore|iPhone.ActiveCfg = AppStore|iPhone
		{0E5FE9A0-0F7E-48BA-ABC8-C5440471151C}.AppStore|iPhone.Build.0 = AppStore|iPhone
		{0E5FE9A0-0F7E-48BA-ABC8-C5440471151C}.Debug|iPhone.ActiveCfg = Debug|iPhone
		{0E5FE9A0-0F7E-48BA-ABC8-C5440471151C}.Debug|iPhone.Build.0 = Debug|iPhone
		{0E5FE9A0-0F7E-48BA-ABC8-C5440471151C}.Debug|iPhoneSimulator.ActiveCfg = Debug|iPhoneSimulator
		{0E5FE9A0-0F7E-48BA-ABC8-C5440471151C}.Debug|iPhoneSimulator.Build.0 = Debug|iPhoneSimulator
		{0E5FE9A0-0F7E-48BA-ABC8-C5440471151C}.Release|iPhone.ActiveCfg = Release|iPhone
		{0E5FE9A0-0F7E-48BA-ABC8-C5440471151C}.Release|iPhone.Build.0 = Release|iPhone
		{0E5FE9A0-0F7E-48BA-ABC8-C5440471151C}.Release|iPhoneSimulator.ActiveCfg = Release|iPhoneSimulator
		{0E5FE9A0-0F7E-48BA-ABC8-C5440471151C}.Release|iPhoneSimulator.Build.0 = Release|iPhoneSimulator
		{308E29A2-C593-4661-AC73-993194B357F3}.Ad-Hoc|iPhone.ActiveCfg = Release|Any CPU
		{308E29A2-C593-4661-AC73-993194B357F3}.Ad-Hoc|iPhone.Build.0 = Release|Any CPU
		{308E29A2-C593-4661-AC73-993194B357F3}.AppStore|iPhone.ActiveCfg = Release|Any CPU
		{308E29A2-C593-4661-AC73-993194B357F3}.AppStore|iPhone.Build.0 = Release|Any CPU
		{308E29A2-C593-4661-AC73-993194B357F3}.Debug|iPhone.ActiveCfg = Debug|Any CPU
		{308E29A2-C593-4661-AC73-993194B357F3}.Debug|iPhone.Build.0 = Debug|Any CPU
		{308E29A2-C593-4661-AC73-993194B357F3}.Debug|iPhoneSimulator.ActiveCfg = Debug|Any CPU
		{308E29A2-C593-4661-AC73-993194B357F3}.Debug|iPhoneSimulator.Build.0 = Debug|Any CPU
		{308E29A2-C593-4661-AC73-993194B357F3}.Release|iPhone.ActiveCfg = Release|Any CPU
		{308E29A2-C593-4661-AC73-993194B357F3}.Release|iPhone.Build.0 = Release|Any CPU
		{308E29A2-C593-4661-AC73-993194B357F3}.Release|iPhoneSimulator.ActiveCfg = Release|Any CPU
		{308E29A2-C593-4661-AC73-993194B357F3}.Release|iPhoneSimulator.Build.0 = Release|Any CPU
		{F70E5716-CAF6-4A35-AF31-E9A9006302E5}.Ad-Hoc|iPhone.ActiveCfg = Ad-Hoc|iPhone
		{F70E5716-CAF6-4A35-AF31-E9A9006302E5}.Ad-Hoc|iPhone.Build.0 = Ad-Hoc|iPhone
		{F70E5716-CAF6-4A35-AF31-E9A9006302E5}.AppStore|iPhone.ActiveCfg = AppStore|iPhone
		{F70E5716-CAF6-4A35-AF31-E9A9006302E5}.AppStore|iPhone.Build.0 = AppStore|iPhone
		{F70E5716-CAF6-4A35-AF31-E9A9006302E5}.Debug|iPhone.ActiveCfg = Debug|iPhone
		{F70E5716-CAF6-4A35-AF31-E9A9006302E5}.Debug|iPhone.Build.0 = Debug|iPhone
		{F70E5716-CAF6-4A35-AF31-E9A9006302E5}.Debug|iPhoneSimulator.ActiveCfg = Debug|iPhoneSimulator
		{F70E5716-CAF6-4A35-AF31-E9A9006302E5}.Debug|iPhoneSimulator.Build.0 = Debug|iPhoneSimulator
		{F70E5716-CAF6-4A35-AF31-E9A9006302E5}.Release|iPhone.ActiveCfg = Release|iPhone
		{F70E5716-CAF6-4A35-AF31-E9A9006302E5}.Release|iPhone.Build.0 = Release|iPhone
		{F70E5716-CAF6-4A35-AF31-E9A9006302E5}.Release|iPhoneSimulator.ActiveCfg = Release|iPhoneSimulator
		{F70E5716-CAF6-4A35-AF31-E9A9006302E5}.Release|iPhoneSimulator.Build.0 = Release|iPhoneSimulator
	EndGlobalSection
EndGlobal
